
Microsoft Visual Studio Solution File, Format Version 12.00
# Visual Studio 15
VisualStudioVersion = 15.0.27004.2002
MinimumVisualStudioVersion = 10.0.40219.1
Project("{8BC9CEB8-8B4A-11D0-8D11-00A0C91BC942}") = "Task_7", "Task_7.vcxproj", "{742652F2-644D-414F-BD64-C7479FB140D4}"
EndProject
Global
	GlobalSection(SolutionConfigurationPlatforms) = preSolution
		Debug|x64 = Debug|x64
		Debug|x86 = Debug|x86
		Release|x64 = Release|x64
		Release|x86 = Release|x86
	EndGlobalSection
	GlobalSection(ProjectConfigurationPlatforms) = postSolution
		{742652F2-644D-414F-BD64-C7479FB140D4}.Debug|x64.ActiveCfg = Debug|x64
		{742652F2-644D-414F-BD64-C7479FB140D4}.Debug|x64.Build.0 = Debug|x64
		{742652F2-644D-414F-BD64-C7479FB140D4}.Debug|x86.ActiveCfg = Debug|Win32
		{742652F2-644D-414F-BD64-C7479FB140D4}.Debug|x86.Build.0 = Debug|Win32
		{742652F2-644D-414F-BD64-C7479FB140D4}.Release|x64.ActiveCfg = Release|x64
		{742652F2-644D-414F-BD64-C7479FB140D4}.Release|x64.Build.0 = Release|x64
		{742652F2-644D-414F-BD64-C7479FB140D4}.Release|x86.ActiveCfg = Release|Win32
		{742652F2-644D-414F-BD64-C7479FB140D4}.Release|x86.Build.0 = Release|Win32
	EndGlobalSection
	GlobalSection(SolutionProperties) = preSolution
		HideSolutionNode = FALSE
	EndGlobalSection
	GlobalSection(ExtensibilityGlobals) = postSolution
		SolutionGuid = {C19913AC-5138-4B33-B1AB-655989F60EE9}
	EndGlobalSection
EndGlobal
